{
  "version": 4,
  "terraform_version": "0.12.23",
  "serial": 64,
  "lineage": "eaec40a3-1fad-8180-7a63-653ea9c9fd24",
  "outputs": {},
  "resources": [
    {
      "module": "module.gke",
      "mode": "managed",
      "type": "google_container_cluster",
      "name": "default",
      "provider": "provider.google",
      "instances": [
        {
          "schema_version": 1,
          "attributes": {
            "additional_zones": [],
            "addons_config": [
              {
                "cloudrun_config": [],
                "horizontal_pod_autoscaling": [],
                "http_load_balancing": [],
                "kubernetes_dashboard": [],
                "network_policy_config": [
                  {
                    "disabled": true
                  }
                ]
              }
            ],
            "authenticator_groups_config": [],
            "cluster_autoscaling": [
              {
                "auto_provisioning_defaults": [],
                "enabled": false,
                "resource_limits": []
              }
            ],
            "cluster_ipv4_cidr": "10.52.0.0/14",
            "database_encryption": [
              {
                "key_name": "",
                "state": "DECRYPTED"
              }
            ],
            "default_max_pods_per_node": null,
            "description": "Demo GKE Cluster",
            "enable_binary_authorization": false,
            "enable_intranode_visibility": null,
            "enable_kubernetes_alpha": false,
            "enable_legacy_abac": false,
            "enable_shielded_nodes": false,
            "enable_tpu": null,
            "endpoint": "35.240.219.97",
            "id": "projects/pyzine-288209/locations/asia-southeast1/clusters/pyzine",
            "initial_node_count": 1,
            "instance_group_urls": [],
            "ip_allocation_policy": [],
            "label_fingerprint": "a9dc16a7",
            "location": "asia-southeast1",
            "logging_service": "logging.googleapis.com/kubernetes",
            "maintenance_policy": [],
            "master_auth": [
              {
                "client_certificate": "",
                "client_certificate_config": [
                  {
                    "issue_client_certificate": false
                  }
                ],
                "client_key": "",
                "cluster_ca_certificate": "LS0tLS1CRUdJTiBDRVJUSUZJQ0FURS0tLS0tCk1JSURLekNDQWhPZ0F3SUJBZ0lSQU02Vjl0RjVmZ2FObHJRWkdUN2w1ekF3RFFZSktvWklodmNOQVFFTEJRQXcKTHpFdE1Dc0dBMVVFQXhNa1ptTTRPVFV6Wm1ZdE1EZ3haaTAwTW1Wa0xUaGpOemN0TVdKbU1qVTNaamhoWkRoaQpNQjRYRFRJd01Ea3dNVEE0TWpVek4xb1hEVEkxTURnek1UQTVNalV6TjFvd0x6RXRNQ3NHQTFVRUF4TWtabU00Ck9UVXpabVl0TURneFppMDBNbVZrTFRoak56Y3RNV0ptTWpVM1pqaGhaRGhpTUlJQklqQU5CZ2txaGtpRzl3MEIKQVFFRkFBT0NBUThBTUlJQkNnS0NBUUVBajYvREFJRDU5NEZuT3hVWEZQOFl2elhaZXVhL3N2ejEvMVNpSmd0Ywprd0NBckU3eGlIcVphRHExN2NmdGRTVnpkQ29kRnVBTTFWMmRSMW9DUDBlaXZ5d1Nma3FORGlsRnhRd1orZ0pwCjhGNGRtYVVhb2l2NXZtTWp6Z092bGVvQmVaQXh6WUptZGI3aE1IZVR6RkhMeGFKMmVmRkFKTjJnUTNDSnBSbVYKTmZlYjdHWDM0SHNJd1lRNGcvVWtnbzNJYXpXR3V0UlBOVzhXa043ZmlEc1BRNWN3aURVNFUxMyt4N01vRFcwVQpwMHl5c1N2M0thMUt0Z3pmNUdCNFczMEJ5RzFaS1QyTTZLUU9UR2Vtc1Z5cEVKTzFRZzZ5YmRjcGprL2Y3cTJQCm9BL09oNnpPdTZvNWFDa3hKUy9qdlhxakkyZS9sSFdVdk1lZm1YYzkzNlVXSVFJREFRQUJvMEl3UURBT0JnTlYKSFE4QkFmOEVCQU1DQWdRd0R3WURWUjBUQVFIL0JBVXdBd0VCL3pBZEJnTlZIUTRFRmdRVVNjQ2NNQU1JdWJNUwovZElqeFNoREMwWHM4bFF3RFFZSktvWklodmNOQVFFTEJRQURnZ0VCQUNCMGo2eXk2UFNmYWNjSU10NVV3QWVUCjJieWVPWlJTWkI1cXZoeElVbFFVSndvMFBOb3VGSmRmMk9rSTNrS0RRRm5HNnphR0YzZlNvNTJWNkRqTWVoUXgKK2ZaSHl4aExmV0E5L2dkVm9LbEs1NElWaFZ2ZUFSbHZjV3RpVE5KM1B3SGk0VGhMMzBUUjRRQmFvSnJTdERQMAplS29tYVF4eXNPUTFjdGd5MG1RNHR4djBmNytCQXVoYWxtVjlqMC9xRm5YaTQvd3dQY1hkZUEwbnhqRjgxeU81Cmh4R1ljT2RjSS9MQ0xLUE8rNDNNNXVhRlRid3dDUHhyM1FtZnJSeFdzOVZYZllkNFU5YjZIRVgzZFZINnBsMS8KbFJHQTZDNjg5enBDemUybUVyWk12Z0FjQ0hVcnBFdVRaaklFSWtxK1h5Tm5xSkZyRVdXV0R6a0ZldWxrV3RFPQotLS0tLUVORCBDRVJUSUZJQ0FURS0tLS0tCg==",
                "password": "",
                "username": ""
              }
            ],
            "master_authorized_networks_config": [],
            "master_version": "1.15.12-gke.2",
            "min_master_version": null,
            "monitoring_service": "monitoring.googleapis.com/kubernetes",
            "name": "pyzine",
            "network": "projects/pyzine-288209/global/networks/default",
            "network_policy": [
              {
                "enabled": false,
                "provider": "PROVIDER_UNSPECIFIED"
              }
            ],
            "node_config": [],
            "node_locations": [
              "asia-southeast1-a",
              "asia-southeast1-b",
              "asia-southeast1-c"
            ],
            "node_pool": [],
            "node_version": "1.15.12-gke.2",
            "operation": null,
            "pod_security_policy_config": null,
            "private_cluster_config": [],
            "project": "pyzine-288209",
            "region": null,
            "release_channel": [
              {
                "channel": "UNSPECIFIED"
              }
            ],
            "remove_default_node_pool": true,
            "resource_labels": null,
            "resource_usage_export_config": [],
            "services_ipv4_cidr": "10.55.240.0/20",
            "subnetwork": "projects/pyzine-288209/regions/asia-southeast1/subnetworks/default",
            "timeouts": null,
            "vertical_pod_autoscaling": [],
            "workload_identity_config": [],
            "zone": null
          },
          "private": "eyJlMmJmYjczMC1lY2FhLTExZTYtOGY4OC0zNDM2M2JjN2M0YzAiOnsiY3JlYXRlIjoyNDAwMDAwMDAwMDAwLCJkZWxldGUiOjI0MDAwMDAwMDAwMDAsInJlYWQiOjI0MDAwMDAwMDAwMDAsInVwZGF0ZSI6MzYwMDAwMDAwMDAwMH0sInNjaGVtYV92ZXJzaW9uIjoiMSJ9"
        }
      ]
    },
    {
      "module": "module.gke",
      "mode": "managed",
      "type": "google_container_node_pool",
      "name": "default",
      "provider": "provider.google",
      "instances": [
        {
          "status": "tainted",
          "schema_version": 1,
          "attributes": {
            "autoscaling": [],
            "cluster": "pyzine",
            "id": "projects/pyzine-288209/locations/asia-southeast1/clusters/pyzine/nodePools/pyzine-node-pool",
            "initial_node_count": 1,
            "instance_group_urls": [
              "https://www.googleapis.com/compute/v1/projects/pyzine-288209/zones/asia-southeast1-c/instanceGroupManagers/gke-pyzine-pyzine-node-pool-bca83c6d-grp",
              "https://www.googleapis.com/compute/v1/projects/pyzine-288209/zones/asia-southeast1-a/instanceGroupManagers/gke-pyzine-pyzine-node-pool-843245d6-grp",
              "https://www.googleapis.com/compute/v1/projects/pyzine-288209/zones/asia-southeast1-b/instanceGroupManagers/gke-pyzine-pyzine-node-pool-15ef3407-grp"
            ],
            "location": "asia-southeast1",
            "management": [
              {
                "auto_repair": true,
                "auto_upgrade": true
              }
            ],
            "max_pods_per_node": null,
            "name": "pyzine-node-pool",
            "name_prefix": "",
            "node_config": [
              {
                "disk_size_gb": 100,
                "disk_type": "pd-standard",
                "guest_accelerator": [],
                "image_type": "COS",
                "labels": {},
                "local_ssd_count": 0,
                "machine_type": "n1-standard-1",
                "metadata": {
                  "disable-legacy-endpoints": "true"
                },
                "min_cpu_platform": "",
                "oauth_scopes": [
                  "https://www.googleapis.com/auth/logging.write",
                  "https://www.googleapis.com/auth/monitoring"
                ],
                "preemptible": false,
                "sandbox_config": [],
                "service_account": "default",
                "shielded_instance_config": [
                  {
                    "enable_integrity_monitoring": true,
                    "enable_secure_boot": false
                  }
                ],
                "tags": null,
                "taint": [],
                "workload_metadata_config": []
              }
            ],
            "node_count": 1,
            "node_locations": [
              "asia-southeast1-a",
              "asia-southeast1-b",
              "asia-southeast1-c"
            ],
            "project": "pyzine-288209",
            "region": null,
            "timeouts": null,
            "upgrade_settings": [
              {
                "max_surge": 1,
                "max_unavailable": 0
              }
            ],
            "version": "1.15.12-gke.2",
            "zone": null
          },
          "private": "eyJlMmJmYjczMC1lY2FhLTExZTYtOGY4OC0zNDM2M2JjN2M0YzAiOnsiY3JlYXRlIjoxODAwMDAwMDAwMDAwLCJkZWxldGUiOjE4MDAwMDAwMDAwMDAsInVwZGF0ZSI6MTgwMDAwMDAwMDAwMH0sInNjaGVtYV92ZXJzaW9uIjoiMSJ9",
          "dependencies": [
            "module.gke.google_container_cluster.default"
          ]
        }
      ]
    },
    {
      "module": "module.db",
      "mode": "managed",
      "type": "google_sql_database",
      "name": "main",
      "provider": "provider.google",
      "instances": [
        {
          "schema_version": 0,
          "attributes": {
            "charset": "utf8",
            "collation": "utf8_general_ci",
            "id": "projects/pyzine-288209/instances/pyzine-mysql-1/databases/main",
            "instance": "pyzine-mysql-1",
            "name": "main",
            "project": "pyzine-288209",
            "self_link": "https://sqladmin.googleapis.com/sql/v1beta4/projects/pyzine-288209/instances/pyzine-mysql-1/databases/main",
            "timeouts": null
          },
          "private": "eyJlMmJmYjczMC1lY2FhLTExZTYtOGY4OC0zNDM2M2JjN2M0YzAiOnsiY3JlYXRlIjo5MDAwMDAwMDAwMDAsImRlbGV0ZSI6NjAwMDAwMDAwMDAwLCJ1cGRhdGUiOjYwMDAwMDAwMDAwMH19",
          "dependencies": [
            "module.db.google_sql_database_instance.main_primary"
          ]
        }
      ]
    },
    {
      "module": "module.db",
      "mode": "managed",
      "type": "google_sql_database_instance",
      "name": "main_primary",
      "provider": "provider.google",
      "instances": [
        {
          "schema_version": 0,
          "attributes": {
            "connection_name": "pyzine-288209:asia-southeast1:pyzine-mysql-1",
            "database_version": "MYSQL_5_7",
            "first_ip_address": "34.126.79.8",
            "id": "pyzine-mysql-1",
            "ip_address": [
              {
                "ip_address": "34.126.79.8",
                "time_to_retire": "",
                "type": "PRIMARY"
              }
            ],
            "master_instance_name": "",
            "name": "pyzine-mysql-1",
            "private_ip_address": "",
            "project": "pyzine-288209",
            "public_ip_address": "34.126.79.8",
            "region": "asia-southeast1",
            "replica_configuration": [],
            "root_password": null,
            "self_link": "https://sqladmin.googleapis.com/sql/v1beta4/projects/pyzine-288209/instances/pyzine-mysql-1",
            "server_ca_cert": [
              {
                "cert": "-----BEGIN CERTIFICATE-----\nMIIDfzCCAmegAwIBAgIBADANBgkqhkiG9w0BAQsFADB3MS0wKwYDVQQuEyQ1NzZi\nZjBhMy1hMWU4LTQ2YTUtYWMzNC02MzYyODc0YjUzZjAxIzAhBgNVBAMTGkdvb2ds\nZSBDbG91ZCBTUUwgU2VydmVyIENBMRQwEgYDVQQKEwtHb29nbGUsIEluYzELMAkG\nA1UEBhMCVVMwHhcNMjAwOTAxMDkyNTU5WhcNMzAwODMwMDkyNjU5WjB3MS0wKwYD\nVQQuEyQ1NzZiZjBhMy1hMWU4LTQ2YTUtYWMzNC02MzYyODc0YjUzZjAxIzAhBgNV\nBAMTGkdvb2dsZSBDbG91ZCBTUUwgU2VydmVyIENBMRQwEgYDVQQKEwtHb29nbGUs\nIEluYzELMAkGA1UEBhMCVVMwggEiMA0GCSqGSIb3DQEBAQUAA4IBDwAwggEKAoIB\nAQDZUxZy19g/kBkiyj1kw6CTs5AX38k0/tDyW85ONRsUlXXEsmsjSTeiOptyboLk\nL6+9BE37brAu0DB5biii6cLkuqf0k/YyOH9WGbygFR+2DP6WPaGsVk0nugwkg6Hr\nj61ipRcR01y93yed0aIjYwJriLgghaJDLuIG/h3Ain1hdFjBDjvlodG+SZpHswt7\nal+w1pQEMnyvV0VwV9ckpldbsUKubjGG7ZecPDe9YW1as4Hejjtfpv4hlqNluNn+\nr5zXkG2CMa9hVCV6j/n5cP/Zo9UVwTF/l0lSuZx3mdrNeZxJuVmHjBGSD/Hq1nhp\nUZjV+y7tHthYVAtN0Jy9HCRxAgMBAAGjFjAUMBIGA1UdEwEB/wQIMAYBAf8CAQAw\nDQYJKoZIhvcNAQELBQADggEBADWXF2rhn+KGJvm88Iq1D8WZHtk5EQ7LV8hLcqq+\nU2Siez/UXLKc9kwZtX3YeTUYfHIa0bV09Vq5/s9f6673B1907qy9chJOLoMIJrMK\nhIlpM/8f8PlOOUffW4OMc72CSfAa/7e61gph9VSA347Q+luMSOggWqFhjnRbk4hh\nUdoHSddufEsaT5gypYsq+oyY/j5Sz0eAj0hmWOJJN6Cbm4V7xdTWO5srAzzbzC2l\nmL43ej3clxQxd1e6EWY7q51Gj5/aMMLAYRsJN/6bz2OPdB06JAG5hq7LnInISUm6\nb6n7Zp10wUeaPpGkEa47Vbl8RiUAJVnDeXSY8uR+xRsmfOw=\n-----END CERTIFICATE-----",
                "common_name": "C=US,O=Google\\, Inc,CN=Google Cloud SQL Server CA,dnQualifier=576bf0a3-a1e8-46a5-ac34-6362874b53f0",
                "create_time": "2020-09-01T09:25:59.114Z",
                "expiration_time": "2030-08-30T09:26:59.114Z",
                "sha1_fingerprint": "a5d0f916b9afe6bb5c82b6a375f993afb8311fde"
              }
            ],
            "service_account_email_address": "p625121741643-mzqc3i@gcp-sa-cloud-sql.iam.gserviceaccount.com",
            "settings": [
              {
                "activation_policy": "ALWAYS",
                "authorized_gae_applications": null,
                "availability_type": "ZONAL",
                "backup_configuration": [
                  {
                    "binary_log_enabled": false,
                    "enabled": false,
                    "location": "",
                    "point_in_time_recovery_enabled": false,
                    "start_time": "13:00"
                  }
                ],
                "crash_safe_replication": false,
                "database_flags": [],
                "disk_autoresize": true,
                "disk_size": 10,
                "disk_type": "PD_SSD",
                "ip_configuration": [
                  {
                    "authorized_networks": [],
                    "ipv4_enabled": true,
                    "private_network": "",
                    "require_ssl": false
                  }
                ],
                "location_preference": [
                  {
                    "follow_gae_application": "",
                    "zone": "asia-southeast1-a"
                  }
                ],
                "maintenance_window": [],
                "pricing_plan": "PER_USE",
                "replication_type": "SYNCHRONOUS",
                "tier": "db-f1-micro",
                "user_labels": null,
                "version": 1
              }
            ],
            "timeouts": null
          },
          "private": "eyJlMmJmYjczMC1lY2FhLTExZTYtOGY4OC0zNDM2M2JjN2M0YzAiOnsiY3JlYXRlIjoxMjAwMDAwMDAwMDAwLCJkZWxldGUiOjEyMDAwMDAwMDAwMDAsInVwZGF0ZSI6MTIwMDAwMDAwMDAwMH19"
        }
      ]
    },
    {
      "module": "module.db",
      "mode": "managed",
      "type": "google_sql_user",
      "name": "db_user",
      "provider": "provider.google",
      "instances": [
        {
          "schema_version": 1,
          "attributes": {
            "host": "",
            "id": "zyzyx//pyzine-mysql-1",
            "instance": "pyzine-mysql-1",
            "name": "zyzyx",
            "password": "Db455452x.!",
            "project": "pyzine-288209",
            "timeouts": null
          },
          "private": "eyJlMmJmYjczMC1lY2FhLTExZTYtOGY4OC0zNDM2M2JjN2M0YzAiOnsiY3JlYXRlIjo2MDAwMDAwMDAwMDAsImRlbGV0ZSI6NjAwMDAwMDAwMDAwLCJ1cGRhdGUiOjYwMDAwMDAwMDAwMH0sInNjaGVtYV92ZXJzaW9uIjoiMSJ9",
          "dependencies": [
            "module.db.google_sql_database_instance.main_primary"
          ]
        }
      ]
    }
  ]
}
